PODS:
  - AMap2DMap (2.6.0)
  - AMapSearch (2.6.0)
  - Masonry (0.6.2)

DEPENDENCIES:
  - AMap2DMap (~> 2.6.0)
  - AMapSearch (~> 2.6.0)
  - Masonry (~> 0.6.2)

SPEC CHECKSUMS:
  AMap2DMap: b5ce82581ca53b71a0136da858f7ef04db1ffc59
  AMapSearch: 0ea3101eec4b9f500b53e33dcda30d343d41613b
  Masonry: 362e8a1cc0beada4a4c4832d5e863da2a51533be

COCOAPODS: 0.38.2
